
Microsoft Visual Studio Solution File, Format Version 12.00
# Visual Studio Version 17
VisualStudioVersion = 17.8.34330.188
MinimumVisualStudioVersion = 10.0.40219.1
Project("{FAE04EC0-301F-11D3-BF4B-00C04F79EFBC}") = "ExamMonitoringWeb", "ExamMonitoringWeb\ExamMonitoringWeb.csproj", "{075550BC-61D6-4409-BE61-0E23278F507F}"
EndProject
Global
	GlobalSection(SolutionConfigurationPlatforms) = preSolution
		Debug|Any CPU = Debug|Any CPU
		Release|Any CPU = Release|Any CPU
	EndGlobalSection
	GlobalSection(ProjectConfigurationPlatforms) = postSolution
		{075550BC-61D6-4409-BE61-0E23278F507F}.Debug|Any CPU.ActiveCfg = Debug|Any CPU
		{075550BC-61D6-4409-BE61-0E23278F507F}.Debug|Any CPU.Build.0 = Debug|Any CPU
		{075550BC-61D6-4409-BE61-0E23278F507F}.Release|Any CPU.ActiveCfg = Release|Any CPU
		{075550BC-61D6-4409-BE61-0E23278F507F}.Release|Any CPU.Build.0 = Release|Any CPU
	EndGlobalSection
	GlobalSection(SolutionProperties) = preSolution
		HideSolutionNode = FALSE
	EndGlobalSection
	GlobalSection(ExtensibilityGlobals) = postSolution
		SolutionGuid = {85AEBD4E-0E55-48BD-A475-1DB4FEC7308D}
	EndGlobalSection
EndGlobal
